# generated by rye
# use `rye lock` or `rye sync` to update this lockfile
#
# last locked with the following flags:
#   pre: false
#   features: []
#   all-features: false
#   with-sources: false
#   generate-hashes: false
#   universal: false

-e file:.
aiohappyeyeballs==2.6.1
    # via aiohttp
aiohttp==3.13.3
    # via langchain-community
aiosignal==1.4.0
    # via aiohttp
annotated-types==0.7.0
    # via pydantic
anyio==4.12.1
    # via httpx
    # via openai
    # via watchfiles
asttokens==3.0.1
    # via stack-data
attrs==25.4.0
    # via aiohttp
    # via jsonschema
    # via referencing
backoff==2.2.1
    # via posthog
bcrypt==5.0.0
    # via chromadb
build==1.4.0
    # via chromadb
certifi==2026.1.4
    # via httpcore
    # via httpx
    # via kubernetes
    # via requests
charset-normalizer==3.4.4
    # via requests
chromadb==1.3.5
    # via langchain-chroma
    # via math-atlas
click==8.3.1
    # via typer
    # via typer-slim
    # via uvicorn
dataclasses-json==0.6.7
    # via langchain-community
decorator==5.2.1
    # via ipython
distro==1.9.0
    # via openai
    # via posthog
durationpy==0.10
    # via kubernetes
edlib==1.3.9.post1
    # via math-atlas
executing==2.2.1
    # via stack-data
filelock==3.20.3
    # via huggingface-hub
flatbuffers==25.12.19
    # via onnxruntime
frozenlist==1.8.0
    # via aiohttp
    # via aiosignal
fsspec==2026.2.0
    # via huggingface-hub
googleapis-common-protos==1.72.0
    # via opentelemetry-exporter-otlp-proto-grpc
grpcio==1.76.0
    # via chromadb
    # via opentelemetry-exporter-otlp-proto-grpc
h11==0.16.0
    # via httpcore
    # via uvicorn
hf-xet==1.2.0
    # via huggingface-hub
httpcore==1.0.9
    # via httpx
httptools==0.7.1
    # via uvicorn
httpx==0.28.1
    # via chromadb
    # via huggingface-hub
    # via langgraph-sdk
    # via langsmith
    # via openai
httpx-sse==0.4.3
    # via langchain-community
huggingface-hub==1.4.0
    # via tokenizers
idna==3.11
    # via anyio
    # via httpx
    # via requests
    # via yarl
importlib-metadata==8.7.1
    # via opentelemetry-api
importlib-resources==6.5.2
    # via chromadb
ipython==9.10.0
ipython-pygments-lexers==1.1.1
    # via ipython
jedi==0.19.2
    # via ipython
jiter==0.13.0
    # via openai
joblib==1.5.3
    # via scikit-learn
jsonpatch==1.33
    # via langchain-core
jsonpointer==3.0.0
    # via jsonpatch
jsonschema==4.26.0
    # via chromadb
jsonschema-specifications==2025.9.1
    # via jsonschema
kubernetes==35.0.0
    # via chromadb
langchain==1.2.8
    # via math-atlas
langchain-chroma==1.1.0
    # via math-atlas
langchain-classic==1.0.1
    # via langchain-community
langchain-community==0.4.1
    # via math-atlas
langchain-core==1.2.9
    # via langchain
    # via langchain-chroma
    # via langchain-classic
    # via langchain-community
    # via langchain-localai
    # via langchain-text-splitters
    # via langgraph
    # via langgraph-checkpoint
    # via langgraph-prebuilt
langchain-localai==1.0.0
    # via math-atlas
langchain-text-splitters==1.1.0
    # via langchain-classic
langgraph==1.0.7
    # via langchain
langgraph-checkpoint==4.0.0
    # via langgraph
    # via langgraph-prebuilt
langgraph-prebuilt==1.0.7
    # via langgraph
langgraph-sdk==0.3.3
    # via langgraph
langsmith==0.6.9
    # via langchain-classic
    # via langchain-community
    # via langchain-core
markdown-it-py==4.0.0
    # via rich
marshmallow==3.26.2
    # via dataclasses-json
matplotlib-inline==0.2.1
    # via ipython
mdurl==0.1.2
    # via markdown-it-py
mmh3==5.2.0
    # via chromadb
more-itertools==10.8.0
    # via math-atlas
mpmath==1.3.0
    # via sympy
multidict==6.7.1
    # via aiohttp
    # via yarl
mypy-extensions==1.1.0
    # via typing-inspect
numpy==2.4.2
    # via chromadb
    # via langchain-chroma
    # via langchain-community
    # via onnxruntime
    # via pandas
    # via scikit-learn
    # via scipy
oauthlib==3.3.1
    # via requests-oauthlib
onnxruntime==1.24.1
    # via chromadb
openai==2.17.0
    # via langchain-localai
opentelemetry-api==1.39.1
    # via chromadb
    # via opentelemetry-exporter-otlp-proto-grpc
    # via opentelemetry-sdk
    # via opentelemetry-semantic-conventions
opentelemetry-exporter-otlp-proto-common==1.39.1
    # via opentelemetry-exporter-otlp-proto-grpc
opentelemetry-exporter-otlp-proto-grpc==1.39.1
    # via chromadb
opentelemetry-proto==1.39.1
    # via opentelemetry-exporter-otlp-proto-common
    # via opentelemetry-exporter-otlp-proto-grpc
opentelemetry-sdk==1.39.1
    # via chromadb
    # via opentelemetry-exporter-otlp-proto-grpc
opentelemetry-semantic-conventions==0.60b1
    # via opentelemetry-sdk
orjson==3.11.7
    # via chromadb
    # via langgraph-sdk
    # via langsmith
ormsgpack==1.12.2
    # via langgraph-checkpoint
overrides==7.7.0
    # via chromadb
packaging==26.0
    # via build
    # via huggingface-hub
    # via langchain-core
    # via langsmith
    # via marshmallow
    # via onnxruntime
pandas==3.0.0
    # via math-atlas
parso==0.8.6
    # via jedi
pexpect==4.9.0
    # via ipython
posthog==5.4.0
    # via chromadb
prompt-toolkit==3.0.52
    # via ipython
propcache==0.4.1
    # via aiohttp
    # via yarl
protobuf==6.33.5
    # via googleapis-common-protos
    # via onnxruntime
    # via opentelemetry-proto
ptyprocess==0.7.0
    # via pexpect
pure-eval==0.2.3
    # via stack-data
pybase64==1.4.3
    # via chromadb
pydantic==2.12.5
    # via chromadb
    # via langchain
    # via langchain-classic
    # via langchain-core
    # via langgraph
    # via langsmith
    # via openai
    # via pydantic-settings
pydantic-core==2.41.5
    # via pydantic
pydantic-settings==2.12.0
    # via langchain-community
pygments==2.19.2
    # via ipython
    # via ipython-pygments-lexers
    # via rich
pypika==0.51.1
    # via chromadb
pyproject-hooks==1.2.0
    # via build
python-dateutil==2.9.0.post0
    # via kubernetes
    # via pandas
    # via posthog
python-dotenv==1.2.1
    # via pydantic-settings
    # via uvicorn
pyyaml==6.0.3
    # via chromadb
    # via huggingface-hub
    # via kubernetes
    # via langchain-classic
    # via langchain-community
    # via langchain-core
    # via uvicorn
referencing==0.37.0
    # via jsonschema
    # via jsonschema-specifications
regex==2026.1.15
    # via tiktoken
requests==2.32.5
    # via kubernetes
    # via langchain-classic
    # via langchain-community
    # via langsmith
    # via math-atlas
    # via posthog
    # via requests-oauthlib
    # via requests-toolbelt
    # via tiktoken
requests-oauthlib==2.0.0
    # via kubernetes
requests-toolbelt==1.0.0
    # via langsmith
rich==14.3.2
    # via chromadb
    # via typer
rpds-py==0.30.0
    # via jsonschema
    # via referencing
scikit-learn==1.8.0
    # via math-atlas
scipy==1.17.0
    # via scikit-learn
shellingham==1.5.4
    # via huggingface-hub
    # via typer
six==1.17.0
    # via kubernetes
    # via posthog
    # via python-dateutil
sniffio==1.3.1
    # via openai
sqlalchemy==2.0.46
    # via langchain-classic
    # via langchain-community
stack-data==0.6.3
    # via ipython
sympy==1.14.0
    # via onnxruntime
tenacity==9.1.3
    # via chromadb
    # via langchain-community
    # via langchain-core
threadpoolctl==3.6.0
    # via scikit-learn
tiktoken==0.12.0
    # via math-atlas
tokenizers==0.22.2
    # via chromadb
tqdm==4.67.3
    # via chromadb
    # via huggingface-hub
    # via openai
traitlets==5.14.3
    # via ipython
    # via matplotlib-inline
typer==0.21.1
    # via chromadb
typer-slim==0.21.1
    # via huggingface-hub
typing-extensions==4.15.0
    # via chromadb
    # via grpcio
    # via huggingface-hub
    # via langchain-core
    # via openai
    # via opentelemetry-api
    # via opentelemetry-exporter-otlp-proto-grpc
    # via opentelemetry-sdk
    # via opentelemetry-semantic-conventions
    # via pydantic
    # via pydantic-core
    # via sqlalchemy
    # via typer
    # via typer-slim
    # via typing-inspect
    # via typing-inspection
typing-inspect==0.9.0
    # via dataclasses-json
typing-inspection==0.4.2
    # via pydantic
    # via pydantic-settings
urllib3==2.6.3
    # via kubernetes
    # via requests
uuid-utils==0.14.0
    # via langchain-core
    # via langsmith
uvicorn==0.40.0
    # via chromadb
uvloop==0.22.1
    # via uvicorn
watchfiles==1.1.1
    # via uvicorn
wcwidth==0.6.0
    # via prompt-toolkit
websocket-client==1.9.0
    # via kubernetes
websockets==16.0
    # via uvicorn
xxhash==3.6.0
    # via langgraph
    # via langsmith
yarl==1.22.0
    # via aiohttp
zipp==3.23.0
    # via importlib-metadata
zstandard==0.25.0
    # via langsmith
